
Microsoft Visual Studio Solution File, Format Version 12.00
# Visual Studio 15
VisualStudioVersion = 15.0.26124.0
MinimumVisualStudioVersion = 15.0.26124.0
Project("{FAE04EC0-301F-11D3-BF4B-00C04F79EFBC}") = "Finanzas.Api", "Finanzas.Api\Finanzas.Api.csproj", "{6DDB51AD-4484-492C-82FB-8BBE9702D34F}"
EndProject
Project("{FAE04EC0-301F-11D3-BF4B-00C04F79EFBC}") = "Finanzas.Entity", "Finanzas.Entity\Finanzas.Entity.csproj", "{3AAB824A-C564-4C24-951A-A0BB43EBA8BC}"
EndProject
Project("{FAE04EC0-301F-11D3-BF4B-00C04F79EFBC}") = "Finanzas.Repository", "Finanzas.Repository\Finanzas.Repository.csproj", "{BBB8ABA2-FCBC-4547-BB2C-7826760C58D0}"
EndProject
Project("{FAE04EC0-301F-11D3-BF4B-00C04F79EFBC}") = "Finanzas.Service", "Finanzas.Service\Finanzas.Service.csproj", "{A27AACFC-4C2A-42E9-811B-AFA2891DA278}"
EndProject
Global
	GlobalSection(SolutionConfigurationPlatforms) = preSolution
		Debug|Any CPU = Debug|Any CPU
		Debug|x64 = Debug|x64
		Debug|x86 = Debug|x86
		Release|Any CPU = Release|Any CPU
		Release|x64 = Release|x64
		Release|x86 = Release|x86
	EndGlobalSection
	GlobalSection(SolutionProperties) = preSolution
		HideSolutionNode = FALSE
	EndGlobalSection
	GlobalSection(ProjectConfigurationPlatforms) = postSolution
		{6DDB51AD-4484-492C-82FB-8BBE9702D34F}.Debug|Any CPU.ActiveCfg = Debug|Any CPU
		{6DDB51AD-4484-492C-82FB-8BBE9702D34F}.Debug|Any CPU.Build.0 = Debug|Any CPU
		{6DDB51AD-4484-492C-82FB-8BBE9702D34F}.Debug|x64.ActiveCfg = Debug|Any CPU
		{6DDB51AD-4484-492C-82FB-8BBE9702D34F}.Debug|x64.Build.0 = Debug|Any CPU
		{6DDB51AD-4484-492C-82FB-8BBE9702D34F}.Debug|x86.ActiveCfg = Debug|Any CPU
		{6DDB51AD-4484-492C-82FB-8BBE9702D34F}.Debug|x86.Build.0 = Debug|Any CPU
		{6DDB51AD-4484-492C-82FB-8BBE9702D34F}.Release|Any CPU.ActiveCfg = Release|Any CPU
		{6DDB51AD-4484-492C-82FB-8BBE9702D34F}.Release|Any CPU.Build.0 = Release|Any CPU
		{6DDB51AD-4484-492C-82FB-8BBE9702D34F}.Release|x64.ActiveCfg = Release|Any CPU
		{6DDB51AD-4484-492C-82FB-8BBE9702D34F}.Release|x64.Build.0 = Release|Any CPU
		{6DDB51AD-4484-492C-82FB-8BBE9702D34F}.Release|x86.ActiveCfg = Release|Any CPU
		{6DDB51AD-4484-492C-82FB-8BBE9702D34F}.Release|x86.Build.0 = Release|Any CPU
		{3AAB824A-C564-4C24-951A-A0BB43EBA8BC}.Debug|Any CPU.ActiveCfg = Debug|Any CPU
		{3AAB824A-C564-4C24-951A-A0BB43EBA8BC}.Debug|Any CPU.Build.0 = Debug|Any CPU
		{3AAB824A-C564-4C24-951A-A0BB43EBA8BC}.Debug|x64.ActiveCfg = Debug|Any CPU
		{3AAB824A-C564-4C24-951A-A0BB43EBA8BC}.Debug|x64.Build.0 = Debug|Any CPU
		{3AAB824A-C564-4C24-951A-A0BB43EBA8BC}.Debug|x86.ActiveCfg = Debug|Any CPU
		{3AAB824A-C564-4C24-951A-A0BB43EBA8BC}.Debug|x86.Build.0 = Debug|Any CPU
		{3AAB824A-C564-4C24-951A-A0BB43EBA8BC}.Release|Any CPU.ActiveCfg = Release|Any CPU
		{3AAB824A-C564-4C24-951A-A0BB43EBA8BC}.Release|Any CPU.Build.0 = Release|Any CPU
		{3AAB824A-C564-4C24-951A-A0BB43EBA8BC}.Release|x64.ActiveCfg = Release|Any CPU
		{3AAB824A-C564-4C24-951A-A0BB43EBA8BC}.Release|x64.Build.0 = Release|Any CPU
		{3AAB824A-C564-4C24-951A-A0BB43EBA8BC}.Release|x86.ActiveCfg = Release|Any CPU
		{3AAB824A-C564-4C24-951A-A0BB43EBA8BC}.Release|x86.Build.0 = Release|Any CPU
		{BBB8ABA2-FCBC-4547-BB2C-7826760C58D0}.Debug|Any CPU.ActiveCfg = Debug|Any CPU
		{BBB8ABA2-FCBC-4547-BB2C-7826760C58D0}.Debug|Any CPU.Build.0 = Debug|Any CPU
		{BBB8ABA2-FCBC-4547-BB2C-7826760C58D0}.Debug|x64.ActiveCfg = Debug|Any CPU
		{BBB8ABA2-FCBC-4547-BB2C-7826760C58D0}.Debug|x64.Build.0 = Debug|Any CPU
		{BBB8ABA2-FCBC-4547-BB2C-7826760C58D0}.Debug|x86.ActiveCfg = Debug|Any CPU
		{BBB8ABA2-FCBC-4547-BB2C-7826760C58D0}.Debug|x86.Build.0 = Debug|Any CPU
		{BBB8ABA2-FCBC-4547-BB2C-7826760C58D0}.Release|Any CPU.ActiveCfg = Release|Any CPU
		{BBB8ABA2-FCBC-4547-BB2C-7826760C58D0}.Release|Any CPU.Build.0 = Release|Any CPU
		{BBB8ABA2-FCBC-4547-BB2C-7826760C58D0}.Release|x64.ActiveCfg = Release|Any CPU
		{BBB8ABA2-FCBC-4547-BB2C-7826760C58D0}.Release|x64.Build.0 = Release|Any CPU
		{BBB8ABA2-FCBC-4547-BB2C-7826760C58D0}.Release|x86.ActiveCfg = Release|Any CPU
		{BBB8ABA2-FCBC-4547-BB2C-7826760C58D0}.Release|x86.Build.0 = Release|Any CPU
		{A27AACFC-4C2A-42E9-811B-AFA2891DA278}.Debug|Any CPU.ActiveCfg = Debug|Any CPU
		{A27AACFC-4C2A-42E9-811B-AFA2891DA278}.Debug|Any CPU.Build.0 = Debug|Any CPU
		{A27AACFC-4C2A-42E9-811B-AFA2891DA278}.Debug|x64.ActiveCfg = Debug|Any CPU
		{A27AACFC-4C2A-42E9-811B-AFA2891DA278}.Debug|x64.Build.0 = Debug|Any CPU
		{A27AACFC-4C2A-42E9-811B-AFA2891DA278}.Debug|x86.ActiveCfg = Debug|Any CPU
		{A27AACFC-4C2A-42E9-811B-AFA2891DA278}.Debug|x86.Build.0 = Debug|Any CPU
		{A27AACFC-4C2A-42E9-811B-AFA2891DA278}.Release|Any CPU.ActiveCfg = Release|Any CPU
		{A27AACFC-4C2A-42E9-811B-AFA2891DA278}.Release|Any CPU.Build.0 = Release|Any CPU
		{A27AACFC-4C2A-42E9-811B-AFA2891DA278}.Release|x64.ActiveCfg = Release|Any CPU
		{A27AACFC-4C2A-42E9-811B-AFA2891DA278}.Release|x64.Build.0 = Release|Any CPU
		{A27AACFC-4C2A-42E9-811B-AFA2891DA278}.Release|x86.ActiveCfg = Release|Any CPU
		{A27AACFC-4C2A-42E9-811B-AFA2891DA278}.Release|x86.Build.0 = Release|Any CPU
	EndGlobalSection
EndGlobal
